
Microsoft Visual Studio Solution File, Format Version 12.00
# Visual Studio Version 16
VisualStudioVersion = 16.0.31205.134
MinimumVisualStudioVersion = 10.0.40219.1
Project("{FAE04EC0-301F-11D3-BF4B-00C04F79EFBC}") = "Lab02.Android", "Lab02\Lab02.Android\Lab02.Android.csproj", "{462A2457-8F2C-4915-998D-3479D15E8BC4}"
EndProject
Project("{FAE04EC0-301F-11D3-BF4B-00C04F79EFBC}") = "Lab02.iOS", "Lab02\Lab02.iOS\Lab02.iOS.csproj", "{E68BEEC9-2330-4F30-9329-32000B6A4279}"
EndProject
Project("{FAE04EC0-301F-11D3-BF4B-00C04F79EFBC}") = "Lab02", "Lab02\Lab02\Lab02.csproj", "{718310D3-3A06-415A-9926-67B0077BE393}"
EndProject
Global
	GlobalSection(SolutionConfigurationPlatforms) = preSolution
		Debug|Any CPU = Debug|Any CPU
		Debug|iPhone = Debug|iPhone
		Debug|iPhoneSimulator = Debug|iPhoneSimulator
		Release|Any CPU = Release|Any CPU
		Release|iPhone = Release|iPhone
		Release|iPhoneSimulator = Release|iPhoneSimulator
	EndGlobalSection
	GlobalSection(ProjectConfigurationPlatforms) = postSolution
		{462A2457-8F2C-4915-998D-3479D15E8BC4}.Debug|Any CPU.ActiveCfg = Debug|Any CPU
		{462A2457-8F2C-4915-998D-3479D15E8BC4}.Debug|Any CPU.Build.0 = Debug|Any CPU
		{462A2457-8F2C-4915-998D-3479D15E8BC4}.Debug|Any CPU.Deploy.0 = Debug|Any CPU
		{462A2457-8F2C-4915-998D-3479D15E8BC4}.Debug|iPhone.ActiveCfg = Debug|Any CPU
		{462A2457-8F2C-4915-998D-3479D15E8BC4}.Debug|iPhone.Build.0 = Debug|Any CPU
		{462A2457-8F2C-4915-998D-3479D15E8BC4}.Debug|iPhone.Deploy.0 = Debug|Any CPU
		{462A2457-8F2C-4915-998D-3479D15E8BC4}.Debug|iPhoneSimulator.ActiveCfg = Debug|Any CPU
		{462A2457-8F2C-4915-998D-3479D15E8BC4}.Debug|iPhoneSimulator.Build.0 = Debug|Any CPU
		{462A2457-8F2C-4915-998D-3479D15E8BC4}.Debug|iPhoneSimulator.Deploy.0 = Debug|Any CPU
		{462A2457-8F2C-4915-998D-3479D15E8BC4}.Release|Any CPU.ActiveCfg = Release|Any CPU
		{462A2457-8F2C-4915-998D-3479D15E8BC4}.Release|Any CPU.Build.0 = Release|Any CPU
		{462A2457-8F2C-4915-998D-3479D15E8BC4}.Release|Any CPU.Deploy.0 = Release|Any CPU
		{462A2457-8F2C-4915-998D-3479D15E8BC4}.Release|iPhone.ActiveCfg = Release|Any CPU
		{462A2457-8F2C-4915-998D-3479D15E8BC4}.Release|iPhone.Build.0 = Release|Any CPU
		{462A2457-8F2C-4915-998D-3479D15E8BC4}.Release|iPhone.Deploy.0 = Release|Any CPU
		{462A2457-8F2C-4915-998D-3479D15E8BC4}.Release|iPhoneSimulator.ActiveCfg = Release|Any CPU
		{462A2457-8F2C-4915-998D-3479D15E8BC4}.Release|iPhoneSimulator.Build.0 = Release|Any CPU
		{462A2457-8F2C-4915-998D-3479D15E8BC4}.Release|iPhoneSimulator.Deploy.0 = Release|Any CPU
		{E68BEEC9-2330-4F30-9329-32000B6A4279}.Debug|Any CPU.ActiveCfg = Debug|iPhone
		{E68BEEC9-2330-4F30-9329-32000B6A4279}.Debug|Any CPU.Build.0 = Debug|iPhone
		{E68BEEC9-2330-4F30-9329-32000B6A4279}.Debug|Any CPU.Deploy.0 = Debug|iPhone
		{E68BEEC9-2330-4F30-9329-32000B6A4279}.Debug|iPhone.ActiveCfg = Debug|iPhone
		{E68BEEC9-2330-4F30-9329-32000B6A4279}.Debug|iPhone.Build.0 = Debug|iPhone
		{E68BEEC9-2330-4F30-9329-32000B6A4279}.Debug|iPhone.Deploy.0 = Debug|iPhone
		{E68BEEC9-2330-4F30-9329-32000B6A4279}.Debug|iPhoneSimulator.ActiveCfg = Debug|iPhoneSimulator
		{E68BEEC9-2330-4F30-9329-32000B6A4279}.Debug|iPhoneSimulator.Build.0 = Debug|iPhoneSimulator
		{E68BEEC9-2330-4F30-9329-32000B6A4279}.Debug|iPhoneSimulator.Deploy.0 = Debug|iPhoneSimulator
		{E68BEEC9-2330-4F30-9329-32000B6A4279}.Release|Any CPU.ActiveCfg = Release|iPhoneSimulator
		{E68BEEC9-2330-4F30-9329-32000B6A4279}.Release|Any CPU.Build.0 = Release|iPhoneSimulator
		{E68BEEC9-2330-4F30-9329-32000B6A4279}.Release|Any CPU.Deploy.0 = Release|iPhoneSimulator
		{E68BEEC9-2330-4F30-9329-32000B6A4279}.Release|iPhone.ActiveCfg = Release|iPhone
		{E68BEEC9-2330-4F30-9329-32000B6A4279}.Release|iPhone.Build.0 = Release|iPhone
		{E68BEEC9-2330-4F30-9329-32000B6A4279}.Release|iPhone.Deploy.0 = Release|iPhone
		{E68BEEC9-2330-4F30-9329-32000B6A4279}.Release|iPhoneSimulator.ActiveCfg = Release|iPhoneSimulator
		{E68BEEC9-2330-4F30-9329-32000B6A4279}.Release|iPhoneSimulator.Build.0 = Release|iPhoneSimulator
		{E68BEEC9-2330-4F30-9329-32000B6A4279}.Release|iPhoneSimulator.Deploy.0 = Release|iPhoneSimulator
		{718310D3-3A06-415A-9926-67B0077BE393}.Debug|Any CPU.ActiveCfg = Debug|Any CPU
		{718310D3-3A06-415A-9926-67B0077BE393}.Debug|Any CPU.Build.0 = Debug|Any CPU
		{718310D3-3A06-415A-9926-67B0077BE393}.Debug|Any CPU.Deploy.0 = Debug|Any CPU
		{718310D3-3A06-415A-9926-67B0077BE393}.Debug|iPhone.ActiveCfg = Debug|Any CPU
		{718310D3-3A06-415A-9926-67B0077BE393}.Debug|iPhone.Build.0 = Debug|Any CPU
		{718310D3-3A06-415A-9926-67B0077BE393}.Debug|iPhone.Deploy.0 = Debug|Any CPU
		{718310D3-3A06-415A-9926-67B0077BE393}.Debug|iPhoneSimulator.ActiveCfg = Debug|Any CPU
		{718310D3-3A06-415A-9926-67B0077BE393}.Debug|iPhoneSimulator.Build.0 = Debug|Any CPU
		{718310D3-3A06-415A-9926-67B0077BE393}.Debug|iPhoneSimulator.Deploy.0 = Debug|Any CPU
		{718310D3-3A06-415A-9926-67B0077BE393}.Release|Any CPU.ActiveCfg = Release|Any CPU
		{718310D3-3A06-415A-9926-67B0077BE393}.Release|Any CPU.Build.0 = Release|Any CPU
		{718310D3-3A06-415A-9926-67B0077BE393}.Release|Any CPU.Deploy.0 = Release|Any CPU
		{718310D3-3A06-415A-9926-67B0077BE393}.Release|iPhone.ActiveCfg = Release|Any CPU
		{718310D3-3A06-415A-9926-67B0077BE393}.Release|iPhone.Build.0 = Release|Any CPU
		{718310D3-3A06-415A-9926-67B0077BE393}.Release|iPhone.Deploy.0 = Release|Any CPU
		{718310D3-3A06-415A-9926-67B0077BE393}.Release|iPhoneSimulator.ActiveCfg = Release|Any CPU
		{718310D3-3A06-415A-9926-67B0077BE393}.Release|iPhoneSimulator.Build.0 = Release|Any CPU
		{718310D3-3A06-415A-9926-67B0077BE393}.Release|iPhoneSimulator.Deploy.0 = Release|Any CPU
	EndGlobalSection
	GlobalSection(SolutionProperties) = preSolution
		HideSolutionNode = FALSE
	EndGlobalSection
	GlobalSection(ExtensibilityGlobals) = postSolution
		SolutionGuid = {F3AB602C-C31E-4CE7-BCD2-161527DB3170}
	EndGlobalSection
EndGlobal
